github.com/libvirt/libvirt-go v7.3.0+incompatible h1:wi6dqZhQjNKIRCxQ7G2jwoAuK9dUQsfYoU/D8XMvLVU=
github.com/libvirt/libvirt-go v7.3.0+incompatible/go.mod h1:34zsnB4iGeOv7Byj6qotuW8Ya4v4Tr43ttjz/F0wjLE=
libvirt.org/libvirt-go-xml v7.3.0+incompatible h1:rDr52tE6t9pmhw4YnRwrLjQS6EJ8cYVD36B3YhWBQIU=
libvirt.org/libvirt-go-xml v7.3.0+incompatible/go.mod h1:FL+H1+hKNWDdkKQGGS4sGCZJ3pGWcjt6VbxZvPlQJkY=
